// !$*UTF8*$!
{
	archiveVersion = 1;
	classes = {
	};
	objectVersion = 48;
	objects = {

/* Begin PBXBuildFile section */
		22811DDE1F19EA07000EB54B /* AppDelegate.swift in Sources */ = {isa = PBXBuildFile; fileRef = 22811DDD1F19EA07000EB54B /* AppDelegate.swift */; };
		22811DE01F19EA07000EB54B /* art.scnassets in Resources */ = {isa = PBXBuildFile; fileRef = 22811DDF1F19EA07000EB54B /* art.scnassets */; };
		22811DE21F19EA07000EB54B /* ViewController.swift in Sources */ = {isa = PBXBuildFile; fileRef = 22811DE11F19EA07000EB54B /* ViewController.swift */; };
		22811DE51F19EA07000EB54B /* Main.storyboard in Resources */ = {isa = PBXBuildFile; fileRef = 22811DE31F19EA07000EB54B /* Main.storyboard */; };
		22811DE71F19EA07000EB54B /* Assets.xcassets in Resources */ = {isa = PBXBuildFile; fileRef = 22811DE61F19EA07000EB54B /* Assets.xcassets */; };
		22811DEA1F19EA07000EB54B /* LaunchScreen.storyboard in Resources */ = {isa = PBXBuildFile; fileRef = 22811DE81F19EA07000EB54B /* LaunchScreen.storyboard */; };
/* End PBXBuildFile section */

/* Begin PBXFileReference section */
		22811DDA1F19EA07000EB54B /* 715CVP.app */ = {isa = PBXFileReference; explicitFileType = wrapper.application; includeInIndex = 0; path = 715CVP.app; sourceTree = BUILT_PRODUCTS_DIR; };
		22811DDD1F19EA07000EB54B /* AppDelegate.swift */ = {isa = PBXFileReference; lastKnownFileType = sourcecode.swift; path = AppDelegate.swift; sourceTree = "<group>"; };
		22811DDF1F19EA07000EB54B /* art.scnassets */ = {isa = PBXFileReference; lastKnownFileType = wrapper.scnassets; path = art.scnassets; sourceTree = "<group>"; };
		22811DE11F19EA07000EB54B /* ViewController.swift */ = {isa = PBXFileReference; lastKnownFileType = sourcecode.swift; path = ViewController.swift; sourceTree = "<group>"; };
		22811DE41F19EA07000EB54B /* Base */ = {isa = PBXFileReference; lastKnownFileType = file.storyboard; name = Base; path = Base.lproj/Main.storyboard; sourceTree = "<group>"; };
		22811DE61F19EA07000EB54B /* Assets.xcassets */ = {isa = PBXFileReference; lastKnownFileType = folder.assetcatalog; path = Assets.xcassets; sourceTree = "<group>"; };
		22811DE91F19EA07000EB54B /* Base */ = {isa = PBXFileReference; lastKnownFileType = file.storyboard; name = Base; path = Base.lproj/LaunchScreen.storyboard; sourceTree = "<group>"; };
		22811DEB1F19EA07000EB54B /* Info.plist */ = {isa = PBXFileReference; lastKnownFileType = text.plist.xml; path = Info.plist; sourceTree = "<group>"; };
/* End PBXFileReference section */

/* Begin PBXFrameworksBuildPhase section */
		22811DD71F19EA07000EB54B /* Frameworks */ = {
			isa = PBXFrameworksBuildPhase;
			buildActionMask = 2147483647;
			files = (
			);
			runOnlyForDeploymentPostprocessing = 0;
		};
/* End PBXFrameworksBuildPhase section */

/* Begin PBXGroup section */
		22811DD11F19EA07000EB54B = {
			isa = PBXGroup;
			children = (
				22811DDC1F19EA07000EB54B /* 715CVP */,
				22811DDB1F19EA07000EB54B /* Products */,
			);
			sourceTree = "<group>";
		};
		22811DDB1F19EA07000EB54B /* Products */ = {
			isa = PBXGroup;
			children = (
				22811DDA1F19EA07000EB54B /* 715CVP.app */,
			);
			name = Products;
			sourceTree = "<group>";
		};
		22811DDC1F19EA07000EB54B /* 715CVP */ = {
			isa = PBXGroup;
			children = (
				22811DDD1F19EA07000EB54B /* AppDelegate.swift */,
				22811DDF1F19EA07000EB54B /* art.scnassets */,
				22811DE11F19EA07000EB54B /* ViewController.swift */,
				22811DE31F19EA07000EB54B /* Main.storyboard */,
				22811DE61F19EA07000EB54B /* Assets.xcassets */,
				22811DE81F19EA07000EB54B /* LaunchScreen.storyboard */,
				22811DEB1F19EA07000EB54B /* Info.plist */,
			);
			path = 715CVP;
			sourceTree = "<group>";
		};
/* End PBXGroup section */

/* Begin PBXNativeTarget section */
		22811DD91F19EA07000EB54B /* 715CVP */ = {
			isa = PBXNativeTarget;
			buildConfigurationList = 22811DEE1F19EA07000EB54B /* Build configuration list for PBXNativeTarget "715CVP" */;
			buildPhases = (
				22811DD61F19EA07000EB54B /* Sources */,
				22811DD71F19EA07000EB54B /* Frameworks */,
				22811DD81F19EA07000EB54B /* Resources */,
			);
			buildRules = (
			);
			dependencies = (
			);
			name = 715CVP;
			productName = 715CVP;
			productReference = 22811DDA1F19EA07000EB54B /* 715CVP.app */;
			productType = "com.apple.product-type.application";
		};
/* End PBXNativeTarget section */

/* Begin PBXProject section */
		22811DD21F19EA07000EB54B /* Project object */ = {
			isa = PBXProject;
			attributes = {
				LastSwiftUpdateCheck = 0900;
				LastUpgradeCheck = 0900;
				ORGANIZATIONNAME = "Chengwei Zang";
				TargetAttributes = {
					22811DD91F19EA07000EB54B = {
						CreatedOnToolsVersion = 9.0;
					};
				};
			};
			buildConfigurationList = 22811DD51F19EA07000EB54B /* Build configuration list for PBXProject "715CVP" */;
			compatibilityVersion = "Xcode 8.0";
			developmentRegion = en;
			hasScannedForEncodings = 0;
			knownRegions = (
				en,
				Base,
			);
			mainGroup = 22811DD11F19EA07000EB54B;
			productRefGroup = 22811DDB1F19EA07000EB54B /* Products */;
			projectDirPath = "";
			projectRoot = "";
			targets = (
				22811DD91F19EA07000EB54B /* 715CVP */,
			);
		};
/* End PBXProject section */

/* Begin PBXResourcesBuildPhase section */
		22811DD81F19EA07000EB54B /* Resources */ = {
			isa = PBXResourcesBuildPhase;
			buildActionMask = 2147483647;
			files = (
				22811DE01F19EA07000EB54B /* art.scnassets in Resources */,
				22811DEA1F19EA07000EB54B /* LaunchScreen.storyboard in Resources */,
				22811DE71F19EA07000EB54B /* Assets.xcassets in Resources */,
				22811DE51F19EA07000EB54B /* Main.storyboard in Resources */,
			);
			runOnlyForDeploymentPostprocessing = 0;
		};
/* End PBXResourcesBuildPhase section */

/* Begin PBXSourcesBuildPhase section */
		22811DD61F19EA07000EB54B /* Sources */ = {
			isa = PBXSourcesBuildPhase;
			buildActionMask = 2147483647;
			files = (
				22811DE21F19EA07000EB54B /* ViewController.swift in Sources */,
				22811DDE1F19EA07000EB54B /* AppDelegate.swift in Sources */,
			);
			runOnlyForDeploymentPostprocessing = 0;
		};
/* End PBXSourcesBuildPhase section */

/* Begin PBXVariantGroup section */
		22811DE31F19EA07000EB54B /* Main.storyboard */ = {
			isa = PBXVariantGroup;
			children = (
				22811DE41F19EA07000EB54B /* Base */,
			);
			name = Main.storyboard;
			sourceTree = "<group>";
		};
		22811DE81F19EA07000EB54B /* LaunchScreen.storyboard */ = {
			isa = PBXVariantGroup;
			children = (
				22811DE91F19EA07000EB54B /* Base */,
			);
			name = LaunchScreen.storyboard;
			sourceTree = "<group>";
		};
/* End PBXVariantGroup section */

/* Begin XCBuildConfiguration section */
		22811DEC1F19EA07000EB54B /* Debug */ = {
			isa = XCBuildConfiguration;
			buildSettings = {
				ALWAYS_SEARCH_USER_PATHS = NO;
				CLANG_ANALYZER_NONNULL = YES;
				CLANG_ANALYZER_NUMBER_OBJECT_CONVERSION = YES_AGGRESSIVE;
				CLANG_CXX_LANGUAGE_STANDARD = "gnu++14";
				CLANG_CXX_LIBRARY = "libc++";
				CLANG_ENABLE_MODULES = YES;
				CLANG_ENABLE_OBJC_ARC = YES;
				CLANG_WARN_BLOCK_CAPTURE_AUTORELEASING = YES;
				CLANG_WARN_BOOL_CONVERSION = YES;
				CLANG_WARN_COMMA = YES;
				CLANG_WARN_CONSTANT_CONVERSION = YES;
				CLANG_WARN_DIRECT_OBJC_ISA_USAGE = YES_ERROR;
				CLANG_WARN_DOCUMENTATION_COMMENTS = YES;
				CLANG_WARN_EMPTY_BODY = YES;
				CLANG_WARN_ENUM_CONVERSION = YES;
				CLANG_WARN_INFINITE_RECURSION = YES;
				CLANG_WARN_INT_CONVERSION = YES;
				CLANG_WARN_NON_LITERAL_NULL_CONVERSION = YES;
				CLANG_WARN_OBJC_LITERAL_CONVERSION = YES;
				CLANG_WARN_OBJC_ROOT_CLASS = YES_ERROR;
				CLANG_WARN_RANGE_LOOP_ANALYSIS = YES;
				CLANG_WARN_STRICT_PROTOTYPES = YES;
				CLANG_WARN_SUSPICIOUS_MOVE = YES;
				CLANG_WARN_UNGUARDED_AVAILABILITY = YES_AGGRESSIVE;
				CLANG_WARN_UNREACHABLE_CODE = YES;
				CLANG_WARN__DUPLICATE_METHOD_MATCH = YES;
				CODE_SIGN_IDENTITY = "iPhone Developer";
				COPY_PHASE_STRIP = NO;
				DEBUG_INFORMATION_FORMAT = dwarf;
				ENABLE_STRICT_OBJC_MSGSEND = YES;
				ENABLE_TESTABILITY = YES;
				GCC_C_LANGUAGE_STANDARD = gnu11;
				GCC_DYNAMIC_NO_PIC = NO;
				GCC_NO_COMMON_BLOCKS = YES;
				GCC_OPTIMIZATION_LEVEL = 0;
				GCC_PREPROCESSOR_DEFINITIONS = (
					"DEBUG=1",
					"$(inherited)",
				);
				GCC_WARN_64_TO_32_BIT_CONVERSION = YES;
				GCC_WARN_ABOUT_RETURN_TYPE = YES_ERROR;
				GCC_WARN_UNDECLARED_SELECTOR = YES;
				GCC_WARN_UNINITIALIZED_AUTOS = YES_AGGRESSIVE;
				GCC_WARN_UNUSED_FUNCTION = YES;
				GCC_WARN_UNUSED_VARIABLE = YES;
				IPHONEOS_DEPLOYMENT_TARGET = 11.0;
				MTL_ENABLE_DEBUG_INFO = YES;
				ONLY_ACTIVE_ARCH = YES;
				SDKROOT = iphoneos;
				SWIFT_ACTIVE_COMPILATION_CONDITIONS = DEBUG;
				SWIFT_OPTIMIZATION_LEVEL = "-Onone";
			};
			name = Debug;
		};
		22811DED1F19EA07000EB54B /* Release */ = {
			isa = XCBuildConfiguration;
			buildSettings = {
				ALWAYS_SEARCH_USER_PATHS = NO;
				CLANG_ANALYZER_NONNULL = YES;
				CLANG_ANALYZER_NUMBER_OBJECT_CONVERSION = YES_AGGRESSIVE;
				CLANG_CXX_LANGUAGE_STANDARD = "gnu++14";
				CLANG_CXX_LIBRARY = "libc++";
				CLANG_ENABLE_MODULES = YES;
				CLANG_ENABLE_OBJC_ARC = YES;
				CLANG_WARN_BLOCK_CAPTURE_AUTORELEASING = YES;
				CLANG_WARN_BOOL_CONVERSION = YES;
				CLANG_WARN_COMMA = YES;
				CLANG_WARN_CONSTANT_CONVERSION = YES;
				CLANG_WARN_DIRECT_OBJC_ISA_USAGE = YES_ERROR;
				CLANG_WARN_DOCUMENTATION_COMMENTS = YES;
				CLANG_WARN_EMPTY_BODY = YES;
				CLANG_WARN_ENUM_CONVERSION = YES;
				CLANG_WARN_INFINITE_RECURSION = YES;
				CLANG_WARN_INT_CONVERSION = YES;
				CLANG_WARN_NON_LITERAL_NULL_CONVERSION = YES;
				CLANG_WARN_OBJC_LITERAL_CONVERSION = YES;
				CLANG_WARN_OBJC_ROOT_CLASS = YES_ERROR;
				CLANG_WARN_RANGE_LOOP_ANALYSIS = YES;
				CLANG_WARN_STRICT_PROTOTYPES = YES;
				CLANG_WARN_SUSPICIOUS_MOVE = YES;
				CLANG_WARN_UNGUARDED_AVAILABILITY = YES_AGGRESSIVE;
				CLANG_WARN_UNREACHABLE_CODE = YES;
				CLANG_WARN__DUPLICATE_METHOD_MATCH = YES;
				CODE_SIGN_IDENTITY = "iPhone Developer";
				COPY_PHASE_STRIP = NO;
				DEBUG_INFORMATION_FORMAT = "dwarf-with-dsym";
				ENABLE_NS_ASSERTIONS = NO;
				ENABLE_STRICT_OBJC_MSGSEND = YES;
				GCC_C_LANGUAGE_STANDARD = gnu11;
				GCC_NO_COMMON_BLOCKS = YES;
				GCC_WARN_64_TO_32_BIT_CONVERSION = YES;
				GCC_WARN_ABOUT_RETURN_TYPE = YES_ERROR;
				GCC_WARN_UNDECLARED_SELECTOR = YES;
				GCC_WARN_UNINITIALIZED_AUTOS = YES_AGGRESSIVE;
				GCC_WARN_UNUSED_FUNCTION = YES;
				GCC_WARN_UNUSED_VARIABLE = YES;
				IPHONEOS_DEPLOYMENT_TARGET = 11.0;
				MTL_ENABLE_DEBUG_INFO = NO;
				SDKROOT = iphoneos;
				SWIFT_OPTIMIZATION_LEVEL = "-Owholemodule";
				VALIDATE_PRODUCT = YES;
			};
			name = Release;
		};
		22811DEF1F19EA07000EB54B /* Debug */ = {
			isa = XCBuildConfiguration;
			buildSettings = {
				ASSETCATALOG_COMPILER_APPICON_NAME = AppIcon;
				DEVELOPMENT_TEAM = 97MVDYKCHQ;
				INFOPLIST_FILE = 715CVP/Info.plist;
				LD_RUNPATH_SEARCH_PATHS = "$(inherited) @executable_path/Frameworks";
				PRODUCT_BUNDLE_IDENTIFIER = "com.williamzang.-15CVP";
				PRODUCT_NAME = "$(TARGET_NAME)";
				SWIFT_VERSION = 4.0;
				TARGETED_DEVICE_FAMILY = "1,2";
			};
			name = Debug;
		};
		22811DF01F19EA07000EB54B /* Release */ = {
			isa = XCBuildConfiguration;
			buildSettings = {
				ASSETCATALOG_COMPILER_APPICON_NAME = AppIcon;
				DEVELOPMENT_TEAM = 97MVDYKCHQ;
				INFOPLIST_FILE = 715CVP/Info.plist;
				LD_RUNPATH_SEARCH_PATHS = "$(inherited) @executable_path/Frameworks";
				PRODUCT_BUNDLE_IDENTIFIER = "com.williamzang.-15CVP";
				PRODUCT_NAME = "$(TARGET_NAME)";
				SWIFT_VERSION = 4.0;
				TARGETED_DEVICE_FAMILY = "1,2";
			};
			name = Release;
		};
/* End XCBuildConfiguration section */

/* Begin XCConfigurationList section */
		22811DD51F19EA07000EB54B /* Build configuration list for PBXProject "715CVP" */ = {
			isa = XCConfigurationList;
			buildConfigurations = (
				22811DEC1F19EA07000EB54B /* Debug */,
				22811DED1F19EA07000EB54B /* Release */,
			);
			defaultConfigurationIsVisible = 0;
			defaultConfigurationName = Release;
		};
		22811DEE1F19EA07000EB54B /* Build configuration list for PBXNativeTarget "715CVP" */ = {
			isa = XCConfigurationList;
			buildConfigurations = (
				22811DEF1F19EA07000EB54B /* Debug */,
				22811DF01F19EA07000EB54B /* Release */,
			);
			defaultConfigurationIsVisible = 0;
		};
/* End XCConfigurationList section */
	};
	rootObject = 22811DD21F19EA07000EB54B /* Project object */;
}
